<?xml version="1.0" encoding="utf-8"?>
<Project ToolsVersion="4.0" xmlns="http://schemas.microsoft.com/developer/msbuild/2003">
  <ItemGroup>
    <Filter Include="Source Files">
      <UniqueIdentifier>{4FC737F1-C7A5-4376-A066-2A32D752A2FF}</UniqueIdentifier>
      <Extensions>cpp;c;cc;cxx;def;odl;idl;hpj;bat;asm;asmx</Extensions>
    </Filter>
    <Filter Include="Header Files">
      <UniqueIdentifier>{a6c77ede-7ac0-4f25-b7c3-1ea952565079}</UniqueIdentifier>
    </Filter>
    <Filter Include="Header Files\commands">
      <UniqueIdentifier>{04e8ca51-1257-4867-830b-f18897fd1505}</UniqueIdentifier>
    </Filter>
    <Filter Include="Source Files\primitives">
      <UniqueIdentifier>{cf1a920e-8203-4266-ba1a-d98c795bdd4c}</UniqueIdentifier>
    </Filter>
  </ItemGroup>
  <ItemGroup>
    <ClCompile Include="console\main.cpp">
      <Filter>Source Files</Filter>
    </ClCompile>
    <ClCompile Include="dispatch.cpp">
      <Filter>Source Files</Filter>
    </ClCompile>
    <ClCompile Include="display.cpp">
      <Filter>Source Files</Filter>
    </ClCompile>
    <ClCompile Include="generated.cpp">
      <Filter>Source Files</Filter>
    </ClCompile>
    <ClCompile Include="primitives\address.cpp">
      <Filter>Source Files\primitives</Filter>
    </ClCompile>
    <ClCompile Include="primitives\base2.cpp">
      <Filter>Source Files\primitives</Filter>
    </ClCompile>
    <ClCompile Include="primitives\base16.cpp">
      <Filter>Source Files\primitives</Filter>
    </ClCompile>
    <ClCompile Include="primitives\base58.cpp">
      <Filter>Source Files\primitives</Filter>
    </ClCompile>
    <ClCompile Include="primitives\base64.cpp">
      <Filter>Source Files\primitives</Filter>
    </ClCompile>
    <ClCompile Include="primitives\base85.cpp">
      <Filter>Source Files\primitives</Filter>
    </ClCompile>
    <ClCompile Include="primitives\btc.cpp">
      <Filter>Source Files\primitives</Filter>
    </ClCompile>
    <ClCompile Include="primitives\btc160.cpp">
      <Filter>Source Files\primitives</Filter>
    </ClCompile>
    <ClCompile Include="primitives\btc256.cpp">
      <Filter>Source Files\primitives</Filter>
    </ClCompile>
    <ClCompile Include="primitives\byte.cpp">
      <Filter>Source Files\primitives</Filter>
    </ClCompile>
    <ClCompile Include="primitives\cert_key.cpp">
      <Filter>Source Files\primitives</Filter>
    </ClCompile>
    <ClCompile Include="primitives\ec_private.cpp">
      <Filter>Source Files\primitives</Filter>
    </ClCompile>
    <ClCompile Include="primitives\ec_public.cpp">
      <Filter>Source Files\primitives</Filter>
    </ClCompile>
    <ClCompile Include="primitives\encoding.cpp">
      <Filter>Source Files\primitives</Filter>
    </ClCompile>
    <ClCompile Include="primitives\endorsement.cpp">
      <Filter>Source Files\primitives</Filter>
    </ClCompile>
    <ClCompile Include="primitives\hashtype.cpp">
      <Filter>Source Files\primitives</Filter>
    </ClCompile>
    <ClCompile Include="primitives\hd_key.cpp">
      <Filter>Source Files\primitives</Filter>
    </ClCompile>
    <ClCompile Include="primitives\hd_priv.cpp">
      <Filter>Source Files\primitives</Filter>
    </ClCompile>
    <ClCompile Include="primitives\hd_pub.cpp">
      <Filter>Source Files\primitives</Filter>
    </ClCompile>
    <ClCompile Include="primitives\header.cpp">
      <Filter>Source Files\primitives</Filter>
    </ClCompile>
    <ClCompile Include="primitives\input.cpp">
      <Filter>Source Files\primitives</Filter>
    </ClCompile>
    <ClCompile Include="primitives\language.cpp">
      <Filter>Source Files\primitives</Filter>
    </ClCompile>
    <ClCompile Include="primitives\output.cpp">
      <Filter>Source Files\primitives</Filter>
    </ClCompile>
    <ClCompile Include="primitives\point.cpp">
      <Filter>Source Files\primitives</Filter>
    </ClCompile>
    <ClCompile Include="primitives\raw.cpp">
      <Filter>Source Files\primitives</Filter>
    </ClCompile>
    <ClCompile Include="primitives\script.cpp">
      <Filter>Source Files\primitives</Filter>
    </ClCompile>
    <ClCompile Include="primitives\signature.cpp">
      <Filter>Source Files\primitives</Filter>
    </ClCompile>
    <ClCompile Include="primitives\stealth.cpp">
      <Filter>Source Files\primitives</Filter>
    </ClCompile>
    <ClCompile Include="primitives\transaction.cpp">
      <Filter>Source Files\primitives</Filter>
    </ClCompile>
    <ClCompile Include="primitives\uri.cpp">
      <Filter>Source Files\primitives</Filter>
    </ClCompile>
    <ClCompile Include="primitives\wif.cpp">
      <Filter>Source Files\primitives</Filter>
    </ClCompile>
    <ClCompile Include="primitives\wrapper.cpp">
      <Filter>Source Files\primitives</Filter>
    </ClCompile>
    <ClCompile Include="utility.cpp">
      <Filter>Source Files</Filter>
    </ClCompile>
  </ItemGroup>
  <ItemGroup>
    <ClInclude Include="..\include\groestlcoin\explorer\commands\address-decode.hpp">
      <Filter>Header Files\commands</Filter>
    </ClInclude>
    <ClInclude Include="..\include\groestlcoin\explorer\commands\address-embed.hpp">
      <Filter>Header Files\commands</Filter>
    </ClInclude>
    <ClInclude Include="..\include\groestlcoin\explorer\commands\address-encode.hpp">
      <Filter>Header Files\commands</Filter>
    </ClInclude>
    <ClInclude Include="..\include\groestlcoin\explorer\commands\address-validate.hpp">
      <Filter>Header Files\commands</Filter>
    </ClInclude>
    <ClInclude Include="..\include\groestlcoin\explorer\commands\base16-decode.hpp">
      <Filter>Header Files\commands</Filter>
    </ClInclude>
    <ClInclude Include="..\include\groestlcoin\explorer\commands\base16-encode.hpp">
      <Filter>Header Files\commands</Filter>
    </ClInclude>
    <ClInclude Include="..\include\groestlcoin\explorer\commands\base58check-decode.hpp">
      <Filter>Header Files\commands</Filter>
    </ClInclude>
    <ClInclude Include="..\include\groestlcoin\explorer\commands\base58check-encode.hpp">
      <Filter>Header Files\commands</Filter>
    </ClInclude>
    <ClInclude Include="..\include\groestlcoin\explorer\commands\base58-decode.hpp">
      <Filter>Header Files\commands</Filter>
    </ClInclude>
    <ClInclude Include="..\include\groestlcoin\explorer\commands\base58-encode.hpp">
      <Filter>Header Files\commands</Filter>
    </ClInclude>
    <ClInclude Include="..\include\groestlcoin\explorer\commands\base64-decode.hpp">
      <Filter>Header Files\commands</Filter>
    </ClInclude>
    <ClInclude Include="..\include\groestlcoin\explorer\commands\base64-encode.hpp">
      <Filter>Header Files\commands</Filter>
    </ClInclude>
    <ClInclude Include="..\include\groestlcoin\explorer\commands\bci-fetch-last-height.hpp">
      <Filter>Header Files\commands</Filter>
    </ClInclude>
    <ClInclude Include="..\include\groestlcoin\explorer\commands\bci-history.hpp">
      <Filter>Header Files\commands</Filter>
    </ClInclude>
    <ClInclude Include="..\include\groestlcoin\explorer\commands\bitcoin160.hpp">
      <Filter>Header Files\commands</Filter>
    </ClInclude>
    <ClInclude Include="..\include\groestlcoin\explorer\commands\bitcoin256.hpp">
      <Filter>Header Files\commands</Filter>
    </ClInclude>
    <ClInclude Include="..\include\groestlcoin\explorer\commands\blke-fetch-transaction.hpp">
      <Filter>Header Files\commands</Filter>
    </ClInclude>
    <ClInclude Include="..\include\groestlcoin\explorer\commands\btc-to-satoshi.hpp">
      <Filter>Header Files\commands</Filter>
    </ClInclude>
    <ClInclude Include="..\include\groestlcoin\explorer\commands\cert-new.hpp">
      <Filter>Header Files\commands</Filter>
    </ClInclude>
    <ClInclude Include="..\include\groestlcoin\explorer\commands\cert-public.hpp">
      <Filter>Header Files\commands</Filter>
    </ClInclude>
    <ClInclude Include="..\include\groestlcoin\explorer\commands\ec-add.hpp">
      <Filter>Header Files\commands</Filter>
    </ClInclude>
    <ClInclude Include="..\include\groestlcoin\explorer\commands\ec-add-secrets.hpp">
      <Filter>Header Files\commands</Filter>
    </ClInclude>
    <ClInclude Include="..\include\groestlcoin\explorer\commands\ec-lock.hpp">
      <Filter>Header Files\commands</Filter>
    </ClInclude>
    <ClInclude Include="..\include\groestlcoin\explorer\commands\ec-multiply.hpp">
      <Filter>Header Files\commands</Filter>
    </ClInclude>
    <ClInclude Include="..\include\groestlcoin\explorer\commands\ec-multiply-secrets.hpp">
      <Filter>Header Files\commands</Filter>
    </ClInclude>
    <ClInclude Include="..\include\groestlcoin\explorer\commands\ec-new.hpp">
      <Filter>Header Files\commands</Filter>
    </ClInclude>
    <ClInclude Include="..\include\groestlcoin\explorer\commands\ec-to-address.hpp">
      <Filter>Header Files\commands</Filter>
    </ClInclude>
    <ClInclude Include="..\include\groestlcoin\explorer\commands\ec-to-public.hpp">
      <Filter>Header Files\commands</Filter>
    </ClInclude>
    <ClInclude Include="..\include\groestlcoin\explorer\commands\ec-to-wif.hpp">
      <Filter>Header Files\commands</Filter>
    </ClInclude>
    <ClInclude Include="..\include\groestlcoin\explorer\commands\ec-unlock.hpp">
      <Filter>Header Files\commands</Filter>
    </ClInclude>
    <ClInclude Include="..\include\groestlcoin\explorer\commands\fetch-balance.hpp">
      <Filter>Header Files\commands</Filter>
    </ClInclude>
    <ClInclude Include="..\include\groestlcoin\explorer\commands\fetch-header.hpp">
      <Filter>Header Files\commands</Filter>
    </ClInclude>
    <ClInclude Include="..\include\groestlcoin\explorer\commands\fetch-height.hpp">
      <Filter>Header Files\commands</Filter>
    </ClInclude>
    <ClInclude Include="..\include\groestlcoin\explorer\commands\fetch-history.hpp">
      <Filter>Header Files\commands</Filter>
    </ClInclude>
    <ClInclude Include="..\include\groestlcoin\explorer\commands\fetch-public-key.hpp">
      <Filter>Header Files\commands</Filter>
    </ClInclude>
    <ClInclude Include="..\include\groestlcoin\explorer\commands\fetch-stealth.hpp">
      <Filter>Header Files\commands</Filter>
    </ClInclude>
    <ClInclude Include="..\include\groestlcoin\explorer\commands\fetch-tx.hpp">
      <Filter>Header Files\commands</Filter>
    </ClInclude>
    <ClInclude Include="..\include\groestlcoin\explorer\commands\fetch-tx-index.hpp">
      <Filter>Header Files\commands</Filter>
    </ClInclude>
    <ClInclude Include="..\include\groestlcoin\explorer\commands\fetch-utxo.hpp">
      <Filter>Header Files\commands</Filter>
    </ClInclude>
    <ClInclude Include="..\include\groestlcoin\explorer\commands\genaddr.hpp">
      <Filter>Header Files\commands</Filter>
    </ClInclude>
    <ClInclude Include="..\include\groestlcoin\explorer\commands\genpriv.hpp">
      <Filter>Header Files\commands</Filter>
    </ClInclude>
    <ClInclude Include="..\include\groestlcoin\explorer\commands\genpub.hpp">
      <Filter>Header Files\commands</Filter>
    </ClInclude>
    <ClInclude Include="..\include\groestlcoin\explorer\commands\hd-new.hpp">
      <Filter>Header Files\commands</Filter>
    </ClInclude>
    <ClInclude Include="..\include\groestlcoin\explorer\commands\hd-private.hpp">
      <Filter>Header Files\commands</Filter>
    </ClInclude>
    <ClInclude Include="..\include\groestlcoin\explorer\commands\hd-public.hpp">
      <Filter>Header Files\commands</Filter>
    </ClInclude>
    <ClInclude Include="..\include\groestlcoin\explorer\commands\hd-to-address.hpp">
      <Filter>Header Files\commands</Filter>
    </ClInclude>
    <ClInclude Include="..\include\groestlcoin\explorer\commands\hd-to-ec.hpp">
      <Filter>Header Files\commands</Filter>
    </ClInclude>
    <ClInclude Include="..\include\groestlcoin\explorer\commands\hd-to-public.hpp">
      <Filter>Header Files\commands</Filter>
    </ClInclude>
    <ClInclude Include="..\include\groestlcoin\explorer\commands\hd-to-wif.hpp">
      <Filter>Header Files\commands</Filter>
    </ClInclude>
    <ClInclude Include="..\include\groestlcoin\explorer\commands\help.hpp">
      <Filter>Header Files\commands</Filter>
    </ClInclude>
    <ClInclude Include="..\include\groestlcoin\explorer\commands\initchain.hpp">
      <Filter>Header Files\commands</Filter>
    </ClInclude>
    <ClInclude Include="..\include\groestlcoin\explorer\commands\input-set.hpp">
      <Filter>Header Files\commands</Filter>
    </ClInclude>
    <ClInclude Include="..\include\groestlcoin\explorer\commands\input-sign.hpp">
      <Filter>Header Files\commands</Filter>
    </ClInclude>
    <ClInclude Include="..\include\groestlcoin\explorer\commands\input-validate.hpp">
      <Filter>Header Files\commands</Filter>
    </ClInclude>
    <ClInclude Include="..\include\groestlcoin\explorer\commands\message-sign.hpp">
      <Filter>Header Files\commands</Filter>
    </ClInclude>
    <ClInclude Include="..\include\groestlcoin\explorer\commands\message-validate.hpp">
      <Filter>Header Files\commands</Filter>
    </ClInclude>
    <ClInclude Include="..\include\groestlcoin\explorer\commands\mnemonic-decode.hpp">
      <Filter>Header Files\commands</Filter>
    </ClInclude>
    <ClInclude Include="..\include\groestlcoin\explorer\commands\mnemonic-encode.hpp">
      <Filter>Header Files\commands</Filter>
    </ClInclude>
    <ClInclude Include="..\include\groestlcoin\explorer\commands\mnemonic-new.hpp">
      <Filter>Header Files\commands</Filter>
    </ClInclude>
    <ClInclude Include="..\include\groestlcoin\explorer\commands\mnemonic-to-seed.hpp">
      <Filter>Header Files\commands</Filter>
    </ClInclude>
    <ClInclude Include="..\include\groestlcoin\explorer\commands\mpk.hpp">
      <Filter>Header Files\commands</Filter>
    </ClInclude>
    <ClInclude Include="..\include\groestlcoin\explorer\commands\newseed.hpp">
      <Filter>Header Files\commands</Filter>
    </ClInclude>
    <ClInclude Include="..\include\groestlcoin\explorer\commands\qrcode.hpp">
      <Filter>Header Files\commands</Filter>
    </ClInclude>
    <ClInclude Include="..\include\groestlcoin\explorer\commands\ripemd160.hpp">
      <Filter>Header Files\commands</Filter>
    </ClInclude>
    <ClInclude Include="..\include\groestlcoin\explorer\commands\satoshi-to-btc.hpp">
      <Filter>Header Files\commands</Filter>
    </ClInclude>
    <ClInclude Include="..\include\groestlcoin\explorer\commands\script-decode.hpp">
      <Filter>Header Files\commands</Filter>
    </ClInclude>
    <ClInclude Include="..\include\groestlcoin\explorer\commands\script-encode.hpp">
      <Filter>Header Files\commands</Filter>
    </ClInclude>
    <ClInclude Include="..\include\groestlcoin\explorer\commands\script-to-address.hpp">
      <Filter>Header Files\commands</Filter>
    </ClInclude>
    <ClInclude Include="..\include\groestlcoin\explorer\commands\seed.hpp">
      <Filter>Header Files\commands</Filter>
    </ClInclude>
    <ClInclude Include="..\include\groestlcoin\explorer\commands\send-tx.hpp">
      <Filter>Header Files\commands</Filter>
    </ClInclude>
    <ClInclude Include="..\include\groestlcoin\explorer\commands\sendtx-bci.hpp">
      <Filter>Header Files\commands</Filter>
    </ClInclude>
    <ClInclude Include="..\include\groestlcoin\explorer\commands\send-tx-node.hpp">
      <Filter>Header Files\commands</Filter>
    </ClInclude>
    <ClInclude Include="..\include\groestlcoin\explorer\commands\send-tx-p2p.hpp">
      <Filter>Header Files\commands</Filter>
    </ClInclude>
    <ClInclude Include="..\include\groestlcoin\explorer\commands\settings.hpp">
      <Filter>Header Files\commands</Filter>
    </ClInclude>
    <ClInclude Include="..\include\groestlcoin\explorer\commands\sha160.hpp">
      <Filter>Header Files\commands</Filter>
    </ClInclude>
    <ClInclude Include="..\include\groestlcoin\explorer\commands\sha256.hpp">
      <Filter>Header Files\commands</Filter>
    </ClInclude>
    <ClInclude Include="..\include\groestlcoin\explorer\commands\sha512.hpp">
      <Filter>Header Files\commands</Filter>
    </ClInclude>
    <ClInclude Include="..\include\groestlcoin\explorer\commands\showblkhead.hpp">
      <Filter>Header Files\commands</Filter>
    </ClInclude>
    <ClInclude Include="..\include\groestlcoin\explorer\commands\stealth-decode.hpp">
      <Filter>Header Files\commands</Filter>
    </ClInclude>
    <ClInclude Include="..\include\groestlcoin\explorer\commands\stealth-encode.hpp">
      <Filter>Header Files\commands</Filter>
    </ClInclude>
    <ClInclude Include="..\include\groestlcoin\explorer\commands\stealth-initiate.hpp">
      <Filter>Header Files\commands</Filter>
    </ClInclude>
    <ClInclude Include="..\include\groestlcoin\explorer\commands\stealth-newkey.hpp">
      <Filter>Header Files\commands</Filter>
    </ClInclude>
    <ClInclude Include="..\include\groestlcoin\explorer\commands\stealth-public.hpp">
      <Filter>Header Files\commands</Filter>
    </ClInclude>
    <ClInclude Include="..\include\groestlcoin\explorer\commands\stealth-secret.hpp">
      <Filter>Header Files\commands</Filter>
    </ClInclude>
    <ClInclude Include="..\include\groestlcoin\explorer\commands\stealth-shared.hpp">
      <Filter>Header Files\commands</Filter>
    </ClInclude>
    <ClInclude Include="..\include\groestlcoin\explorer\commands\tx-decode.hpp">
      <Filter>Header Files\commands</Filter>
    </ClInclude>
    <ClInclude Include="..\include\groestlcoin\explorer\commands\tx-encode.hpp">
      <Filter>Header Files\commands</Filter>
    </ClInclude>
    <ClInclude Include="..\include\groestlcoin\explorer\commands\tx-sign.hpp">
      <Filter>Header Files\commands</Filter>
    </ClInclude>
    <ClInclude Include="..\include\groestlcoin\explorer\commands\uri-decode.hpp">
      <Filter>Header Files\commands</Filter>
    </ClInclude>
    <ClInclude Include="..\include\groestlcoin\explorer\commands\uri-encode.hpp">
      <Filter>Header Files\commands</Filter>
    </ClInclude>
    <ClInclude Include="..\include\groestlcoin\explorer\commands\validate-tx.hpp">
      <Filter>Header Files\commands</Filter>
    </ClInclude>
    <ClInclude Include="..\include\groestlcoin\explorer\commands\wallet.hpp">
      <Filter>Header Files\commands</Filter>
    </ClInclude>
    <ClInclude Include="..\include\groestlcoin\explorer\commands\watch-address.hpp">
      <Filter>Header Files\commands</Filter>
    </ClInclude>
    <ClInclude Include="..\include\groestlcoin\explorer\commands\watch-tx.hpp">
      <Filter>Header Files\commands</Filter>
    </ClInclude>
    <ClInclude Include="..\include\groestlcoin\explorer\commands\wif-to-ec.hpp">
      <Filter>Header Files\commands</Filter>
    </ClInclude>
    <ClInclude Include="..\include\groestlcoin\explorer\commands\wif-to-public.hpp">
      <Filter>Header Files\commands</Filter>
    </ClInclude>
    <ClInclude Include="..\include\groestlcoin\explorer\commands\wrap-decode.hpp">
      <Filter>Header Files\commands</Filter>
    </ClInclude>
    <ClInclude Include="..\include\groestlcoin\explorer\commands\wrap-encode.hpp">
      <Filter>Header Files\commands</Filter>
    </ClInclude>
    <ClInclude Include="bx-config.h">
      <Filter>Header Files</Filter>
    </ClInclude>
  </ItemGroup>
</Project>