<?xml version="1.0" encoding="utf-8"?>
<Project ToolsVersion="4.0" xmlns="http://schemas.microsoft.com/developer/msbuild/2003">
  <ItemGroup>
    <Filter Include="Source Files">
      <UniqueIdentifier>{4FC737F1-C7A5-4376-A066-2A32D752A2FF}</UniqueIdentifier>
      <Extensions>cpp;c;cc;cxx;def;odl;idl;hpj;bat;asm;asmx</Extensions>
    </Filter>
    <Filter Include="Header Files">
      <UniqueIdentifier>{93995380-89BD-4b04-88EB-625FBE52EBFB}</UniqueIdentifier>
      <Extensions>h;hh;hpp;hxx;hm;inl;inc;xsd</Extensions>
    </Filter>
    <Filter Include="Source Files\math">
      <UniqueIdentifier>{23bd1759-c7f8-497b-ac1b-14d580058c43}</UniqueIdentifier>
    </Filter>
    <Filter Include="Header Files\groestlcoin">
      <UniqueIdentifier>{7ed5fe6e-6be7-4c15-8dd9-fa8b6da93fe0}</UniqueIdentifier>
    </Filter>
    <Filter Include="Header Files\groestlcoin\utility">
      <UniqueIdentifier>{c358301e-8a1e-486c-8445-50cfd833553c}</UniqueIdentifier>
    </Filter>
    <Filter Include="Source Files\unicode">
      <UniqueIdentifier>{d7ee61fa-e705-4418-9257-2b1534f18595}</UniqueIdentifier>
    </Filter>
    <Filter Include="Source Files\utility">
      <UniqueIdentifier>{29054b83-c15d-4206-9ef6-9073196abeb8}</UniqueIdentifier>
    </Filter>
    <Filter Include="Source Files\wallet">
      <UniqueIdentifier>{26b82fe3-1c2c-461e-99a7-dd2ae5cbf8a3}</UniqueIdentifier>
    </Filter>
    <Filter Include="Source Files\formats">
      <UniqueIdentifier>{5979b227-6d9a-459f-9f28-24a04048ef4c}</UniqueIdentifier>
    </Filter>
    <Filter Include="Source Files\network">
      <UniqueIdentifier>{0f3fc79d-54f1-40a8-89f1-819c42a68727}</UniqueIdentifier>
    </Filter>
    <Filter Include="Source Files\secp256k1">
      <UniqueIdentifier>{8ae457da-2cd5-467f-83b6-3a7056141f67}</UniqueIdentifier>
    </Filter>
    <Filter Include="Source Files\math\external">
      <UniqueIdentifier>{a737e6ed-e624-4b41-ab98-e8151437d429}</UniqueIdentifier>
    </Filter>
    <Filter Include="Source Files\config">
      <UniqueIdentifier>{70e8f7dd-370b-4b6e-90fb-77fb25de2887}</UniqueIdentifier>
    </Filter>
    <Filter Include="Source Files\math\sphlib">
      <UniqueIdentifier>{47f5f199-c93f-40b4-a33d-fb68ff2c648b}</UniqueIdentifier>
    </Filter>
    <Filter Include="Header Files\groestlcoin\impl">
      <UniqueIdentifier>{99afdec0-e5d3-4e64-9a78-070647d702c0}</UniqueIdentifier>
    </Filter>
    <Filter Include="Header Files\groestlcoin\impl\serialize">
      <UniqueIdentifier>{936efc9a-3688-4777-a7b9-6191abb8f7be}</UniqueIdentifier>
    </Filter>
    <Filter Include="Header Files\groestlcoin\impl\trie">
      <UniqueIdentifier>{7727e20b-bdbe-4055-9c51-0283f4425ca4}</UniqueIdentifier>
    </Filter>
    <Filter Include="Header Files\groestlcoin\impl\utility">
      <UniqueIdentifier>{e1e48e46-299e-4b21-9d61-6014c43b936d}</UniqueIdentifier>
    </Filter>
    <Filter Include="Header Files\groestlcoin\impl\formats">
      <UniqueIdentifier>{bbfc465c-7b64-4f3c-9db3-513ee01cd90a}</UniqueIdentifier>
    </Filter>
    <Filter Include="Header Files\groestlcoin\math">
      <UniqueIdentifier>{083cd90a-5326-4a1b-8668-084747f5410d}</UniqueIdentifier>
    </Filter>
    <Filter Include="Header Files\network">
      <UniqueIdentifier>{6108d89a-1d7f-4edd-b8fc-dea75a79ebfc}</UniqueIdentifier>
    </Filter>
    <Filter Include="Header Files\trie">
      <UniqueIdentifier>{dffe225a-6a01-4241-a779-ad4abd683e6c}</UniqueIdentifier>
    </Filter>
    <Filter Include="Header Files\unicode">
      <UniqueIdentifier>{23e36b31-23ed-4c0e-b05f-c244f06aa214}</UniqueIdentifier>
    </Filter>
    <Filter Include="Header Files\groestlcoin\wallet">
      <UniqueIdentifier>{70fe82c2-7036-4248-9a42-1d8c8d265b90}</UniqueIdentifier>
    </Filter>
    <Filter Include="Header Files\groestlcoin\formats">
      <UniqueIdentifier>{c5d7d891-5404-47b4-8e6e-54ff7042a39a}</UniqueIdentifier>
    </Filter>
    <Filter Include="Header Files\groestlcoin\config">
      <UniqueIdentifier>{e1b90d8f-bf30-408d-bff5-fda9b3c2d992}</UniqueIdentifier>
    </Filter>
  </ItemGroup>
  <ItemGroup>
    <ClCompile Include="math\checksum.cpp">
      <Filter>Source Files\math</Filter>
    </ClCompile>
    <ClCompile Include="unicode\unicode.cpp">
      <Filter>Source Files\unicode</Filter>
    </ClCompile>
    <ClCompile Include="unicode\unicode_istream.cpp">
      <Filter>Source Files\unicode</Filter>
    </ClCompile>
    <ClCompile Include="unicode\console_streambuf.cpp">
      <Filter>Source Files\unicode</Filter>
    </ClCompile>
    <ClCompile Include="unicode\unicode_streambuf.cpp">
      <Filter>Source Files\unicode</Filter>
    </ClCompile>
    <ClCompile Include="utility\random.cpp">
      <Filter>Source Files\utility</Filter>
    </ClCompile>
    <ClCompile Include="wallet\key_formats.cpp">
      <Filter>Source Files\wallet</Filter>
    </ClCompile>
    <ClCompile Include="script.cpp">
      <Filter>Source Files</Filter>
    </ClCompile>
    <ClCompile Include="wallet\hd_keys.cpp">
      <Filter>Source Files\wallet</Filter>
    </ClCompile>
    <ClCompile Include="formats\base16.cpp">
      <Filter>Source Files\formats</Filter>
    </ClCompile>
    <ClCompile Include="formats\base10.cpp">
      <Filter>Source Files\formats</Filter>
    </ClCompile>
    <ClCompile Include="formats\base58.cpp">
      <Filter>Source Files\formats</Filter>
    </ClCompile>
    <ClCompile Include="formats\base64.cpp">
      <Filter>Source Files\formats</Filter>
    </ClCompile>
    <ClCompile Include="formats\base85.cpp">
      <Filter>Source Files\formats</Filter>
    </ClCompile>
    <ClCompile Include="wallet\stealth_address.cpp">
      <Filter>Source Files\wallet</Filter>
    </ClCompile>
    <ClCompile Include="math\script_number.cpp">
      <Filter>Source Files\math</Filter>
    </ClCompile>
    <ClCompile Include="unicode\unicode_ostream.cpp">
      <Filter>Source Files\unicode</Filter>
    </ClCompile>
    <ClCompile Include="wallet\dictionary.cpp">
      <Filter>Source Files\wallet</Filter>
    </ClCompile>
    <ClCompile Include="wallet\uri.cpp">
      <Filter>Source Files\wallet</Filter>
    </ClCompile>
    <ClCompile Include="math\hash.cpp">
      <Filter>Source Files\math</Filter>
    </ClCompile>
    <ClCompile Include="network\protocol.cpp">
      <Filter>Source Files\network</Filter>
    </ClCompile>
    <ClCompile Include="unicode\ofstream.cpp">
      <Filter>Source Files\unicode</Filter>
    </ClCompile>
    <ClCompile Include="utility\logger.cpp">
      <Filter>Source Files\utility</Filter>
    </ClCompile>
    <ClCompile Include="utility\binary.cpp">
      <Filter>Source Files\utility</Filter>
    </ClCompile>
    <ClCompile Include="network\hosts.cpp">
      <Filter>Source Files\network</Filter>
    </ClCompile>
    <ClCompile Include="network\channel.cpp">
      <Filter>Source Files\network</Filter>
    </ClCompile>
    <ClCompile Include="satoshi_serialize.cpp">
      <Filter>Source Files</Filter>
    </ClCompile>
    <ClCompile Include="math\ec_keys.cpp">
      <Filter>Source Files\math</Filter>
    </ClCompile>
    <ClCompile Include="wallet\address.cpp">
      <Filter>Source Files\wallet</Filter>
    </ClCompile>
    <ClCompile Include="utility\string.cpp">
      <Filter>Source Files\utility</Filter>
    </ClCompile>
    <ClCompile Include="network\channel_proxy.cpp">
      <Filter>Source Files\network</Filter>
    </ClCompile>
    <ClCompile Include="network\seeder.cpp">
      <Filter>Source Files\network</Filter>
    </ClCompile>
    <ClCompile Include="network\authority.cpp">
      <Filter>Source Files\network</Filter>
    </ClCompile>
    <ClCompile Include="..\FOREIGN\secp256k1\secp256k1.c">
      <Filter>Source Files\secp256k1</Filter>
    </ClCompile>
    <ClCompile Include="math\external\hmac_sha256.c">
      <Filter>Source Files\math\external</Filter>
    </ClCompile>
    <ClCompile Include="network\handshake.cpp">
      <Filter>Source Files\network</Filter>
    </ClCompile>
    <ClCompile Include="network\acceptor.cpp">
      <Filter>Source Files\network</Filter>
    </ClCompile>
    <ClCompile Include="network\channel_stream_loader.cpp">
      <Filter>Source Files\network</Filter>
    </ClCompile>
    <ClCompile Include="math\external\ripemd160.c">
      <Filter>Source Files\math\external</Filter>
    </ClCompile>
    <ClCompile Include="math\external\sha512.c">
      <Filter>Source Files\math\external</Filter>
    </ClCompile>
    <ClCompile Include="math\external\sha256.c">
      <Filter>Source Files\math\external</Filter>
    </ClCompile>
    <ClCompile Include="block.cpp">
      <Filter>Source Files</Filter>
    </ClCompile>
    <ClCompile Include="math\hash_number.cpp">
      <Filter>Source Files\math</Filter>
    </ClCompile>
    <ClCompile Include="transaction.cpp">
      <Filter>Source Files</Filter>
    </ClCompile>
    <ClCompile Include="network\network.cpp">
      <Filter>Source Files\network</Filter>
    </ClCompile>
    <ClCompile Include="utility\threadpool.cpp">
      <Filter>Source Files\utility</Filter>
    </ClCompile>
    <ClCompile Include="math\external\hmac_sha512.c">
      <Filter>Source Files\math\external</Filter>
    </ClCompile>
    <ClCompile Include="config\printer.cpp">
      <Filter>Source Files\config</Filter>
    </ClCompile>
    <ClCompile Include="error.cpp">
      <Filter>Source Files</Filter>
    </ClCompile>
    <ClCompile Include="wallet\mnemonic.cpp">
      <Filter>Source Files\wallet</Filter>
    </ClCompile>
    <ClCompile Include="math\uint256.cpp">
      <Filter>Source Files\math</Filter>
    </ClCompile>
    <ClCompile Include="unicode\ifstream.cpp">
      <Filter>Source Files\unicode</Filter>
    </ClCompile>
    <ClCompile Include="math\secp256k1_initializer.cpp">
      <Filter>Source Files\math</Filter>
    </ClCompile>
    <ClCompile Include="constants.cpp">
      <Filter>Source Files</Filter>
    </ClCompile>
    <ClCompile Include="utility\async_strand.cpp">
      <Filter>Source Files\utility</Filter>
    </ClCompile>
    <ClCompile Include="utility\thread.cpp">
      <Filter>Source Files\utility</Filter>
    </ClCompile>
    <ClCompile Include="wallet\message.cpp">
      <Filter>Source Files\wallet</Filter>
    </ClCompile>
    <ClCompile Include="math\external\zeroize.c">
      <Filter>Source Files\math\external</Filter>
    </ClCompile>
    <ClCompile Include="network\connect_with_timeout.cpp">
      <Filter>Source Files\network</Filter>
    </ClCompile>
    <ClCompile Include="stealth.cpp">
      <Filter>Source Files</Filter>
    </ClCompile>
    <ClCompile Include="config\parameter.cpp">
      <Filter>Source Files\config</Filter>
    </ClCompile>
    <ClCompile Include="math\external\sha1.c">
      <Filter>Source Files\math\external</Filter>
    </ClCompile>
    <ClCompile Include="math\external\pkcs5_pbkdf2.c">
      <Filter>Source Files\math\external</Filter>
    </ClCompile>
    <ClCompile Include="config\directory.cpp">
      <Filter>Source Files\config</Filter>
    </ClCompile>
    <ClCompile Include="math\sphlib\groestl.cpp">
      <Filter>Source Files\math\sphlib</Filter>
    </ClCompile>
    <ClCompile Include="utility\time.cpp">
      <Filter>Source Files\utility</Filter>
    </ClCompile>
    <ClCompile Include="utility\timed_section.cpp">
      <Filter>Source Files\utility</Filter>
    </ClCompile>
  </ItemGroup>
  <ItemGroup>
    <ClInclude Include="libgroestlcoin-config.h">
      <Filter>Header Files</Filter>
    </ClInclude>
    <ClInclude Include="..\include\groestlcoin\groestlcoin.hpp">
      <Filter>Header Files</Filter>
    </ClInclude>
    <ClInclude Include="..\include\groestlcoin\groestlcoin\block.hpp">
      <Filter>Header Files\groestlcoin</Filter>
    </ClInclude>
    <ClInclude Include="..\include\groestlcoin\groestlcoin\compat.h">
      <Filter>Header Files\groestlcoin</Filter>
    </ClInclude>
    <ClInclude Include="..\include\groestlcoin\groestlcoin\compat.hpp">
      <Filter>Header Files\groestlcoin</Filter>
    </ClInclude>
    <ClInclude Include="..\include\groestlcoin\groestlcoin\constants.hpp">
      <Filter>Header Files\groestlcoin</Filter>
    </ClInclude>
    <ClInclude Include="..\include\groestlcoin\groestlcoin\define.hpp">
      <Filter>Header Files\groestlcoin</Filter>
    </ClInclude>
    <ClInclude Include="..\include\groestlcoin\groestlcoin\error.hpp">
      <Filter>Header Files\groestlcoin</Filter>
    </ClInclude>
    <ClInclude Include="..\include\groestlcoin\groestlcoin\primitives.hpp">
      <Filter>Header Files\groestlcoin</Filter>
    </ClInclude>
    <ClInclude Include="..\include\groestlcoin\groestlcoin\satoshi_serialize.hpp">
      <Filter>Header Files\groestlcoin</Filter>
    </ClInclude>
    <ClInclude Include="..\include\groestlcoin\groestlcoin\script.hpp">
      <Filter>Header Files\groestlcoin</Filter>
    </ClInclude>
    <ClInclude Include="..\include\groestlcoin\groestlcoin\stealth.hpp">
      <Filter>Header Files\groestlcoin</Filter>
    </ClInclude>
    <ClInclude Include="..\include\groestlcoin\groestlcoin\transaction.hpp">
      <Filter>Header Files\groestlcoin</Filter>
    </ClInclude>
    <ClInclude Include="..\include\groestlcoin\groestlcoin\version.hpp">
      <Filter>Header Files\groestlcoin</Filter>
    </ClInclude>
    <ClInclude Include="..\include\groestlcoin\groestlcoin\utility\array_slice.hpp">
      <Filter>Header Files\groestlcoin\utility</Filter>
    </ClInclude>
    <ClInclude Include="..\include\groestlcoin\groestlcoin\utility\assert.hpp">
      <Filter>Header Files\groestlcoin\utility</Filter>
    </ClInclude>
    <ClInclude Include="..\include\groestlcoin\groestlcoin\utility\async_parallel.hpp">
      <Filter>Header Files\groestlcoin\utility</Filter>
    </ClInclude>
    <ClInclude Include="..\include\groestlcoin\groestlcoin\utility\async_strand.hpp">
      <Filter>Header Files\groestlcoin\utility</Filter>
    </ClInclude>
    <ClInclude Include="..\include\groestlcoin\groestlcoin\utility\binary.hpp">
      <Filter>Header Files\groestlcoin\utility</Filter>
    </ClInclude>
    <ClInclude Include="..\include\groestlcoin\groestlcoin\utility\collection.hpp">
      <Filter>Header Files\groestlcoin\utility</Filter>
    </ClInclude>
    <ClInclude Include="..\include\groestlcoin\groestlcoin\utility\data.hpp">
      <Filter>Header Files\groestlcoin\utility</Filter>
    </ClInclude>
    <ClInclude Include="..\include\groestlcoin\groestlcoin\utility\decorator.hpp">
      <Filter>Header Files\groestlcoin\utility</Filter>
    </ClInclude>
    <ClInclude Include="..\include\groestlcoin\groestlcoin\utility\endian.hpp">
      <Filter>Header Files\groestlcoin\utility</Filter>
    </ClInclude>
    <ClInclude Include="..\include\groestlcoin\groestlcoin\utility\logger.hpp">
      <Filter>Header Files\groestlcoin\utility</Filter>
    </ClInclude>
    <ClInclude Include="..\include\groestlcoin\groestlcoin\utility\random.hpp">
      <Filter>Header Files\groestlcoin\utility</Filter>
    </ClInclude>
    <ClInclude Include="..\include\groestlcoin\groestlcoin\utility\serializer.hpp">
      <Filter>Header Files\groestlcoin\utility</Filter>
    </ClInclude>
    <ClInclude Include="..\include\groestlcoin\groestlcoin\utility\string.hpp">
      <Filter>Header Files\groestlcoin\utility</Filter>
    </ClInclude>
    <ClInclude Include="..\include\groestlcoin\groestlcoin\utility\subscriber.hpp">
      <Filter>Header Files\groestlcoin\utility</Filter>
    </ClInclude>
    <ClInclude Include="..\include\groestlcoin\groestlcoin\utility\thread.hpp">
      <Filter>Header Files\groestlcoin\utility</Filter>
    </ClInclude>
    <ClInclude Include="..\include\groestlcoin\groestlcoin\utility\threadpool.hpp">
      <Filter>Header Files\groestlcoin\utility</Filter>
    </ClInclude>
    <ClInclude Include="..\include\groestlcoin\groestlcoin\utility\time.hpp">
      <Filter>Header Files\groestlcoin\utility</Filter>
    </ClInclude>
    <ClInclude Include="..\include\groestlcoin\groestlcoin\utility\timed_section.hpp">
      <Filter>Header Files\groestlcoin\utility</Filter>
    </ClInclude>
    <ClInclude Include="..\include\groestlcoin\groestlcoin\math\checksum.hpp">
      <Filter>Header Files\groestlcoin\math</Filter>
    </ClInclude>
    <ClInclude Include="..\include\groestlcoin\groestlcoin\math\ec_keys.hpp">
      <Filter>Header Files\groestlcoin\math</Filter>
    </ClInclude>
    <ClInclude Include="..\include\groestlcoin\groestlcoin\math\hash.hpp">
      <Filter>Header Files\groestlcoin\math</Filter>
    </ClInclude>
    <ClInclude Include="..\include\groestlcoin\groestlcoin\math\hash_number.hpp">
      <Filter>Header Files\groestlcoin\math</Filter>
    </ClInclude>
    <ClInclude Include="..\include\groestlcoin\groestlcoin\math\script_number.hpp">
      <Filter>Header Files\groestlcoin\math</Filter>
    </ClInclude>
    <ClInclude Include="..\include\groestlcoin\groestlcoin\math\secp256k1_initializer.hpp">
      <Filter>Header Files\groestlcoin\math</Filter>
    </ClInclude>
    <ClInclude Include="..\include\groestlcoin\groestlcoin\math\uint256.hpp">
      <Filter>Header Files\groestlcoin\math</Filter>
    </ClInclude>
    <ClInclude Include="..\include\groestlcoin\groestlcoin\network\acceptor.hpp">
      <Filter>Header Files\network</Filter>
    </ClInclude>
    <ClInclude Include="..\include\groestlcoin\groestlcoin\network\authority.hpp">
      <Filter>Header Files\network</Filter>
    </ClInclude>
    <ClInclude Include="..\include\groestlcoin\groestlcoin\network\channel.hpp">
      <Filter>Header Files\network</Filter>
    </ClInclude>
    <ClInclude Include="..\include\groestlcoin\groestlcoin\network\channel_loader_module.hpp">
      <Filter>Header Files\network</Filter>
    </ClInclude>
    <ClInclude Include="..\include\groestlcoin\groestlcoin\network\channel_proxy.hpp">
      <Filter>Header Files\network</Filter>
    </ClInclude>
    <ClInclude Include="..\include\groestlcoin\groestlcoin\network\channel_stream_loader.hpp">
      <Filter>Header Files\network</Filter>
    </ClInclude>
    <ClInclude Include="..\include\groestlcoin\groestlcoin\network\handshake.hpp">
      <Filter>Header Files\network</Filter>
    </ClInclude>
    <ClInclude Include="..\include\groestlcoin\groestlcoin\network\hosts.hpp">
      <Filter>Header Files\network</Filter>
    </ClInclude>
    <ClInclude Include="..\include\groestlcoin\groestlcoin\network\network.hpp">
      <Filter>Header Files\network</Filter>
    </ClInclude>
    <ClInclude Include="..\include\groestlcoin\groestlcoin\network\protocol.hpp">
      <Filter>Header Files\network</Filter>
    </ClInclude>
    <ClInclude Include="..\include\groestlcoin\groestlcoin\network\seeder.hpp">
      <Filter>Header Files\network</Filter>
    </ClInclude>
    <ClInclude Include="..\include\groestlcoin\groestlcoin\network\shared_const_buffer.hpp">
      <Filter>Header Files\network</Filter>
    </ClInclude>
    <ClInclude Include="..\include\groestlcoin\groestlcoin\trie\binary_trie.hpp">
      <Filter>Header Files\trie</Filter>
    </ClInclude>
    <ClInclude Include="..\include\groestlcoin\groestlcoin\trie\trie_iterator.hpp">
      <Filter>Header Files\trie</Filter>
    </ClInclude>
    <ClInclude Include="..\include\groestlcoin\groestlcoin\trie\trie_reverse_iterator.hpp">
      <Filter>Header Files\trie</Filter>
    </ClInclude>
    <ClInclude Include="..\include\groestlcoin\groestlcoin\trie\trie_structure_node.hpp">
      <Filter>Header Files\trie</Filter>
    </ClInclude>
    <ClInclude Include="..\include\groestlcoin\groestlcoin\trie\trie_value_node.hpp">
      <Filter>Header Files\trie</Filter>
    </ClInclude>
    <ClInclude Include="..\include\groestlcoin\groestlcoin\unicode\console_streambuf.hpp">
      <Filter>Header Files\unicode</Filter>
    </ClInclude>
    <ClInclude Include="..\include\groestlcoin\groestlcoin\unicode\ifstream.hpp">
      <Filter>Header Files\unicode</Filter>
    </ClInclude>
    <ClInclude Include="..\include\groestlcoin\groestlcoin\unicode\ofstream.hpp">
      <Filter>Header Files\unicode</Filter>
    </ClInclude>
    <ClInclude Include="..\include\groestlcoin\groestlcoin\unicode\unicode.hpp">
      <Filter>Header Files\unicode</Filter>
    </ClInclude>
    <ClInclude Include="..\include\groestlcoin\groestlcoin\unicode\unicode_istream.hpp">
      <Filter>Header Files\unicode</Filter>
    </ClInclude>
    <ClInclude Include="..\include\groestlcoin\groestlcoin\unicode\unicode_ostream.hpp">
      <Filter>Header Files\unicode</Filter>
    </ClInclude>
    <ClInclude Include="..\include\groestlcoin\groestlcoin\unicode\unicode_streambuf.hpp">
      <Filter>Header Files\unicode</Filter>
    </ClInclude>
    <ClInclude Include="..\include\groestlcoin\groestlcoin\wallet\address.hpp">
      <Filter>Header Files\groestlcoin\wallet</Filter>
    </ClInclude>
    <ClInclude Include="..\include\groestlcoin\groestlcoin\wallet\dictionary.hpp">
      <Filter>Header Files\groestlcoin\wallet</Filter>
    </ClInclude>
    <ClInclude Include="..\include\groestlcoin\groestlcoin\wallet\hd_keys.hpp">
      <Filter>Header Files\groestlcoin\wallet</Filter>
    </ClInclude>
    <ClInclude Include="..\include\groestlcoin\groestlcoin\wallet\key_formats.hpp">
      <Filter>Header Files\groestlcoin\wallet</Filter>
    </ClInclude>
    <ClInclude Include="..\include\groestlcoin\groestlcoin\wallet\message.hpp">
      <Filter>Header Files\groestlcoin\wallet</Filter>
    </ClInclude>
    <ClInclude Include="..\include\groestlcoin\groestlcoin\wallet\mnemonic.hpp">
      <Filter>Header Files\groestlcoin\wallet</Filter>
    </ClInclude>
    <ClInclude Include="..\include\groestlcoin\groestlcoin\wallet\stealth_address.hpp">
      <Filter>Header Files\groestlcoin\wallet</Filter>
    </ClInclude>
    <ClInclude Include="..\include\groestlcoin\groestlcoin\wallet\uri.hpp">
      <Filter>Header Files\groestlcoin\wallet</Filter>
    </ClInclude>
    <ClInclude Include="..\include\groestlcoin\groestlcoin\formats\base16.hpp">
      <Filter>Header Files\groestlcoin\formats</Filter>
    </ClInclude>
    <ClInclude Include="..\include\groestlcoin\groestlcoin\formats\base10.hpp">
      <Filter>Header Files\groestlcoin\formats</Filter>
    </ClInclude>
    <ClInclude Include="..\include\groestlcoin\groestlcoin\formats\base58.hpp">
      <Filter>Header Files\groestlcoin\formats</Filter>
    </ClInclude>
    <ClInclude Include="..\include\groestlcoin\groestlcoin\formats\base64.hpp">
      <Filter>Header Files\groestlcoin\formats</Filter>
    </ClInclude>
    <ClInclude Include="..\include\groestlcoin\groestlcoin\formats\base85.hpp">
      <Filter>Header Files\groestlcoin\formats</Filter>
    </ClInclude>
    <ClInclude Include="..\include\groestlcoin\groestlcoin\config\directory.hpp">
      <Filter>Header Files\groestlcoin\config</Filter>
    </ClInclude>
    <ClInclude Include="..\include\groestlcoin\groestlcoin\config\parameter.hpp">
      <Filter>Header Files\groestlcoin\config</Filter>
    </ClInclude>
    <ClInclude Include="..\include\groestlcoin\groestlcoin\config\printer.hpp">
      <Filter>Header Files\groestlcoin\config</Filter>
    </ClInclude>
    <ClInclude Include="network\connect_with_timeout.hpp">
      <Filter>Source Files\network</Filter>
    </ClInclude>
  </ItemGroup>
  <ItemGroup>
    <None Include="..\include\groestlcoin\groestlcoin\impl\formats\base16.ipp">
      <Filter>Header Files\groestlcoin\impl\formats</Filter>
    </None>
    <None Include="..\include\groestlcoin\groestlcoin\impl\utility\array_slice.ipp">
      <Filter>Header Files\groestlcoin\impl\utility</Filter>
    </None>
    <None Include="..\include\groestlcoin\groestlcoin\impl\utility\collection.ipp">
      <Filter>Header Files\groestlcoin\impl\utility</Filter>
    </None>
    <None Include="..\include\groestlcoin\groestlcoin\impl\utility\data.ipp">
      <Filter>Header Files\groestlcoin\impl\utility</Filter>
    </None>
    <None Include="..\include\groestlcoin\groestlcoin\impl\utility\endian.ipp">
      <Filter>Header Files\groestlcoin\impl\utility</Filter>
    </None>
    <None Include="..\include\groestlcoin\groestlcoin\impl\utility\serializer.ipp">
      <Filter>Header Files\groestlcoin\impl\utility</Filter>
    </None>
    <None Include="..\include\groestlcoin\groestlcoin\impl\trie\binary_trie.ipp">
      <Filter>Header Files\groestlcoin\impl\trie</Filter>
    </None>
    <None Include="..\include\groestlcoin\groestlcoin\impl\trie\trie_iterator.ipp">
      <Filter>Header Files\groestlcoin\impl\trie</Filter>
    </None>
    <None Include="..\include\groestlcoin\groestlcoin\impl\trie\trie_reverse_iterator.ipp">
      <Filter>Header Files\groestlcoin\impl\trie</Filter>
    </None>
    <None Include="..\include\groestlcoin\groestlcoin\impl\trie\trie_structure_node.ipp">
      <Filter>Header Files\groestlcoin\impl\trie</Filter>
    </None>
    <None Include="..\include\groestlcoin\groestlcoin\impl\trie\trie_value_node.ipp">
      <Filter>Header Files\groestlcoin\impl\trie</Filter>
    </None>
    <None Include="..\include\groestlcoin\groestlcoin\impl\serialize\block.ipp">
      <Filter>Header Files\groestlcoin\impl\serialize</Filter>
    </None>
    <None Include="..\include\groestlcoin\groestlcoin\impl\serialize\misc.ipp">
      <Filter>Header Files\groestlcoin\impl\serialize</Filter>
    </None>
  </ItemGroup>
</Project>