<?xml version="1.0" encoding="utf-8"?>
<Project ToolsVersion="4.0" xmlns="http://schemas.microsoft.com/developer/msbuild/2003">
  <ItemGroup>
    <Filter Include="Source Files">
      <UniqueIdentifier>{4FC737F1-C7A5-4376-A066-2A32D752A2FF}</UniqueIdentifier>
      <Extensions>cpp;c;cc;cxx;def;odl;idl;hpj;bat;asm;asmx</Extensions>
    </Filter>
    <Filter Include="Header Files">
      <UniqueIdentifier>{93995380-89BD-4b04-88EB-625FBE52EBFB}</UniqueIdentifier>
      <Extensions>h;hh;hpp;hxx;hm;inl;inc;xsd</Extensions>
    </Filter>
    <Filter Include="Source Files\math">
      <UniqueIdentifier>{23bd1759-c7f8-497b-ac1b-14d580058c43}</UniqueIdentifier>
    </Filter>
    <Filter Include="Header Files\groestlcoin">
      <UniqueIdentifier>{7ed5fe6e-6be7-4c15-8dd9-fa8b6da93fe0}</UniqueIdentifier>
    </Filter>
    <Filter Include="Header Files\groestlcoin\utility">
      <UniqueIdentifier>{c358301e-8a1e-486c-8445-50cfd833553c}</UniqueIdentifier>
    </Filter>
    <Filter Include="Source Files\unicode">
      <UniqueIdentifier>{d7ee61fa-e705-4418-9257-2b1534f18595}</UniqueIdentifier>
    </Filter>
    <Filter Include="Source Files\utility">
      <UniqueIdentifier>{29054b83-c15d-4206-9ef6-9073196abeb8}</UniqueIdentifier>
    </Filter>
    <Filter Include="Source Files\wallet">
      <UniqueIdentifier>{26b82fe3-1c2c-461e-99a7-dd2ae5cbf8a3}</UniqueIdentifier>
    </Filter>
    <Filter Include="Source Files\formats">
      <UniqueIdentifier>{5979b227-6d9a-459f-9f28-24a04048ef4c}</UniqueIdentifier>
    </Filter>
    <Filter Include="Source Files\network">
      <UniqueIdentifier>{0f3fc79d-54f1-40a8-89f1-819c42a68727}</UniqueIdentifier>
    </Filter>
  </ItemGroup>
  <ItemGroup>
    <ClCompile Include="math\checksum.cpp">
      <Filter>Source Files\math</Filter>
    </ClCompile>
    <ClCompile Include="unicode\unicode.cpp">
      <Filter>Source Files\unicode</Filter>
    </ClCompile>
    <ClCompile Include="unicode\unicode_istream.cpp">
      <Filter>Source Files\unicode</Filter>
    </ClCompile>
    <ClCompile Include="unicode\console_streambuf.cpp">
      <Filter>Source Files\unicode</Filter>
    </ClCompile>
    <ClCompile Include="unicode\unicode_streambuf.cpp">
      <Filter>Source Files\unicode</Filter>
    </ClCompile>
    <ClCompile Include="utility\random.cpp">
      <Filter>Source Files\utility</Filter>
    </ClCompile>
    <ClCompile Include="wallet\key_formats.cpp">
      <Filter>Source Files\wallet</Filter>
    </ClCompile>
    <ClCompile Include="script.cpp">
      <Filter>Source Files</Filter>
    </ClCompile>
    <ClCompile Include="wallet\hd_keys.cpp">
      <Filter>Source Files\wallet</Filter>
    </ClCompile>
    <ClCompile Include="formats\base16.cpp">
      <Filter>Source Files\formats</Filter>
    </ClCompile>
    <ClCompile Include="formats\base10.cpp">
      <Filter>Source Files\formats</Filter>
    </ClCompile>
    <ClCompile Include="formats\base58.cpp">
      <Filter>Source Files\formats</Filter>
    </ClCompile>
    <ClCompile Include="formats\base64.cpp">
      <Filter>Source Files\formats</Filter>
    </ClCompile>
    <ClCompile Include="formats\base85.cpp">
      <Filter>Source Files\formats</Filter>
    </ClCompile>
    <ClCompile Include="wallet\stealth_address.cpp">
      <Filter>Source Files\wallet</Filter>
    </ClCompile>
    <ClCompile Include="math\script_number.cpp">
      <Filter>Source Files\math</Filter>
    </ClCompile>
    <ClCompile Include="unicode\unicode_ostream.cpp">
      <Filter>Source Files\unicode</Filter>
    </ClCompile>
    <ClCompile Include="wallet\dictionary.cpp">
      <Filter>Source Files\wallet</Filter>
    </ClCompile>
    <ClCompile Include="wallet\uri.cpp">
      <Filter>Source Files\wallet</Filter>
    </ClCompile>
    <ClCompile Include="math\hash.cpp">
      <Filter>Source Files\math</Filter>
    </ClCompile>
    <ClCompile Include="network\protocol.cpp">
      <Filter>Source Files\network</Filter>
    </ClCompile>
    <ClCompile Include="unicode\ofstream.cpp">
      <Filter>Source Files\unicode</Filter>
    </ClCompile>
    <ClCompile Include="utility\logger.cpp">
      <Filter>Source Files\utility</Filter>
    </ClCompile>
    <ClCompile Include="utility\binary.cpp">
      <Filter>Source Files\utility</Filter>
    </ClCompile>
    <ClCompile Include="network\hosts.cpp">
      <Filter>Source Files\network</Filter>
    </ClCompile>
    <ClCompile Include="network\channel.cpp">
      <Filter>Source Files\network</Filter>
    </ClCompile>
    <ClCompile Include="satoshi_serialize.cpp">
      <Filter>Source Files</Filter>
    </ClCompile>
    <ClCompile Include="math\ec_keys.cpp">
      <Filter>Source Files\math</Filter>
    </ClCompile>
    <ClCompile Include="wallet\address.cpp">
      <Filter>Source Files\wallet</Filter>
    </ClCompile>
    <ClCompile Include="utility\string.cpp">
      <Filter>Source Files\utility</Filter>
    </ClCompile>
  </ItemGroup>
  <ItemGroup>
    <ClInclude Include="libgroestlcoin-config.h">
      <Filter>Header Files</Filter>
    </ClInclude>
    <ClInclude Include="..\include\groestlcoin\groestlcoin.hpp">
      <Filter>Header Files</Filter>
    </ClInclude>
    <ClInclude Include="..\include\groestlcoin\groestlcoin\block.hpp">
      <Filter>Header Files\groestlcoin</Filter>
    </ClInclude>
    <ClInclude Include="..\include\groestlcoin\groestlcoin\compat.h">
      <Filter>Header Files\groestlcoin</Filter>
    </ClInclude>
    <ClInclude Include="..\include\groestlcoin\groestlcoin\compat.hpp">
      <Filter>Header Files\groestlcoin</Filter>
    </ClInclude>
    <ClInclude Include="..\include\groestlcoin\groestlcoin\constants.hpp">
      <Filter>Header Files\groestlcoin</Filter>
    </ClInclude>
    <ClInclude Include="..\include\groestlcoin\groestlcoin\define.hpp">
      <Filter>Header Files\groestlcoin</Filter>
    </ClInclude>
    <ClInclude Include="..\include\groestlcoin\groestlcoin\error.hpp">
      <Filter>Header Files\groestlcoin</Filter>
    </ClInclude>
    <ClInclude Include="..\include\groestlcoin\groestlcoin\primitives.hpp">
      <Filter>Header Files\groestlcoin</Filter>
    </ClInclude>
    <ClInclude Include="..\include\groestlcoin\groestlcoin\satoshi_serialize.hpp">
      <Filter>Header Files\groestlcoin</Filter>
    </ClInclude>
    <ClInclude Include="..\include\groestlcoin\groestlcoin\script.hpp">
      <Filter>Header Files\groestlcoin</Filter>
    </ClInclude>
    <ClInclude Include="..\include\groestlcoin\groestlcoin\stealth.hpp">
      <Filter>Header Files\groestlcoin</Filter>
    </ClInclude>
    <ClInclude Include="..\include\groestlcoin\groestlcoin\transaction.hpp">
      <Filter>Header Files\groestlcoin</Filter>
    </ClInclude>
    <ClInclude Include="..\include\groestlcoin\groestlcoin\version.hpp">
      <Filter>Header Files\groestlcoin</Filter>
    </ClInclude>
    <ClInclude Include="..\include\groestlcoin\groestlcoin\utility\array_slice.hpp">
      <Filter>Header Files\groestlcoin\utility</Filter>
    </ClInclude>
    <ClInclude Include="..\include\groestlcoin\groestlcoin\utility\assert.hpp">
      <Filter>Header Files\groestlcoin\utility</Filter>
    </ClInclude>
    <ClInclude Include="..\include\groestlcoin\groestlcoin\utility\async_parallel.hpp">
      <Filter>Header Files\groestlcoin\utility</Filter>
    </ClInclude>
    <ClInclude Include="..\include\groestlcoin\groestlcoin\utility\async_strand.hpp">
      <Filter>Header Files\groestlcoin\utility</Filter>
    </ClInclude>
    <ClInclude Include="..\include\groestlcoin\groestlcoin\utility\binary.hpp">
      <Filter>Header Files\groestlcoin\utility</Filter>
    </ClInclude>
    <ClInclude Include="..\include\groestlcoin\groestlcoin\utility\collection.hpp">
      <Filter>Header Files\groestlcoin\utility</Filter>
    </ClInclude>
    <ClInclude Include="..\include\groestlcoin\groestlcoin\utility\data.hpp">
      <Filter>Header Files\groestlcoin\utility</Filter>
    </ClInclude>
    <ClInclude Include="..\include\groestlcoin\groestlcoin\utility\decorator.hpp">
      <Filter>Header Files\groestlcoin\utility</Filter>
    </ClInclude>
    <ClInclude Include="..\include\groestlcoin\groestlcoin\utility\endian.hpp">
      <Filter>Header Files\groestlcoin\utility</Filter>
    </ClInclude>
    <ClInclude Include="..\include\groestlcoin\groestlcoin\utility\logger.hpp">
      <Filter>Header Files\groestlcoin\utility</Filter>
    </ClInclude>
    <ClInclude Include="..\include\groestlcoin\groestlcoin\utility\random.hpp">
      <Filter>Header Files\groestlcoin\utility</Filter>
    </ClInclude>
    <ClInclude Include="..\include\groestlcoin\groestlcoin\utility\serializer.hpp">
      <Filter>Header Files\groestlcoin\utility</Filter>
    </ClInclude>
    <ClInclude Include="..\include\groestlcoin\groestlcoin\utility\string.hpp">
      <Filter>Header Files\groestlcoin\utility</Filter>
    </ClInclude>
    <ClInclude Include="..\include\groestlcoin\groestlcoin\utility\subscriber.hpp">
      <Filter>Header Files\groestlcoin\utility</Filter>
    </ClInclude>
    <ClInclude Include="..\include\groestlcoin\groestlcoin\utility\thread.hpp">
      <Filter>Header Files\groestlcoin\utility</Filter>
    </ClInclude>
    <ClInclude Include="..\include\groestlcoin\groestlcoin\utility\threadpool.hpp">
      <Filter>Header Files\groestlcoin\utility</Filter>
    </ClInclude>
    <ClInclude Include="..\include\groestlcoin\groestlcoin\utility\time.hpp">
      <Filter>Header Files\groestlcoin\utility</Filter>
    </ClInclude>
    <ClInclude Include="..\include\groestlcoin\groestlcoin\utility\timed_section.hpp">
      <Filter>Header Files\groestlcoin\utility</Filter>
    </ClInclude>
  </ItemGroup>
</Project>